{
  "version": 1,
  "dependencies": {
    "net10.0": {
      "WebUIToolkit.TextResources": {
        "type": "Direct",
        "requested": "[1.0.0, )",
        "resolved": "1.0.0",
        "contentHash": "XtP6YsonKTQvZgvwNmZa6KDsj1L41F6cVhLEqemZ4y8f7Ul4rErTIlOcIVW34AzWkodPj6akhrOWKGwmv6UN+w=="
      }
    }
  }
}