<Solution>
  <Folder Name="/src/">
    <Project Path="dotnet/src/RunicTranslations/RunicTranslations.csproj" />
    <Project Path="dotnet/src/RunicTranslations.Authoring/RunicTranslations.Authoring.csproj" />
    <Project Path="dotnet/src/RunicTranslations.Compiler/RunicTranslations.Compiler.csproj" />
    <Project Path="dotnet/src/RunicTranslations.Generator/RunicTranslations.Generator.csproj" />
    <Project Path="dotnet/src/RunicTranslations.Build/RunicTranslations.Build.csproj" />
  </Folder>
  <Folder Name="/tools/">
    <Project Path="dotnet/tools/RunicTranslations.Tool/RunicTranslations.Tool.csproj" />
  </Folder>
  <Folder Name="/templates/">
    <Project Path="dotnet/templates/RunicTranslations.Templates/RunicTranslations.Templates.csproj" />
  </Folder>
  <Folder Name="/tests/">
    <Project Path="dotnet/tests/RunicTranslations.ApiTests/RunicTranslations.ApiTests.csproj" />
    <Project Path="dotnet/tests/RunicTranslations.Authoring.Tests/RunicTranslations.Authoring.Tests.csproj" />
    <Project Path="dotnet/tests/RunicTranslations.Build.Tests/RunicTranslations.Build.Tests.csproj" />
    <Project Path="dotnet/tests/RunicTranslations.Compiler.Tests/RunicTranslations.Compiler.Tests.csproj" />
    <Project Path="dotnet/tests/RunicTranslations.Generator.Tests/RunicTranslations.Generator.Tests.csproj" />
    <Project Path="dotnet/tests/RunicTranslations.Runtime.Tests/RunicTranslations.Runtime.Tests.csproj" />
  </Folder>
</Solution>
