{
  "version": 1,
  "dependencies": {
    "net10.0": {
      "RunicTextResources": {
        "type": "Direct",
        "requested": "[1.0.0, )",
        "resolved": "1.0.0",
        "contentHash": "2V3ocraXx6weNP69UkyRiiTQB9Pm5lVnxOjjsMe95C2L8YtF4ZMc+bzHlrYxFu6E6AtqPXFCglGjSRoW6YILjw=="
      },
      "RunicTextResources.Build": {
        "type": "Direct",
        "requested": "[1.0.0, )",
        "resolved": "1.0.0",
        "contentHash": "mRzCvfyf/E4osMHdi5H7hYd6pUvCD6Ja461TX+sO1JSJQ1cU3SGsrTrzY5XBIu0V0a9thzoWnHJ6jqIjO/4/FQ=="
      },
      "RunicTextResources.Generator": {
        "type": "Direct",
        "requested": "[1.0.0, )",
        "resolved": "1.0.0",
        "contentHash": "OBMffYmo8borZod78NKtgj8TGLU06StmvauYeXw6jkdoSTAY4vQ6QWkAgcM5stRpcZ8ppiopO3fBeW3K1NKdRw==",
        "dependencies": {
          "RunicTextResources": "[1.0.0]"
        }
      }
    }
  }
}