{
  "version": 1,
  "dependencies": {
    "net10.0": {
      "RunicTextResources": {
        "type": "Direct",
        "requested": "[1.0.0, )",
        "resolved": "1.0.0",
        "contentHash": "2V3ocraXx6weNP69UkyRiiTQB9Pm5lVnxOjjsMe95C2L8YtF4ZMc+bzHlrYxFu6E6AtqPXFCglGjSRoW6YILjw=="
      }
    }
  }
}