{
  "version": 1,
  "dependencies": {
    "net8.0": {
      "WebUIToolkit.TextResources": {
        "type": "Direct",
        "requested": "[1.0.0, )",
        "resolved": "1.0.0",
        "contentHash": "SpI7PWO6Hssxzs5kgI88UCOE7s5XwHZDsdB7dq3WAxDCzgSqGEmhOpTTFzANzkOptgCUFucT2FpgXrePLfuXnA=="
      },
      "WebUIToolkit.TextResources.Build": {
        "type": "Direct",
        "requested": "[1.0.0, )",
        "resolved": "1.0.0",
        "contentHash": "UHctvPoGaj0rwaGnlpDEJ1D1/Fx+yo3R4Pl7N/4+YITWFnobIvd6fGZsxE54SWekPtpIcDjs49MO4pT/HOoLXA=="
      },
      "WebUIToolkit.TextResources.Generator": {
        "type": "Direct",
        "requested": "[1.0.0, )",
        "resolved": "1.0.0",
        "contentHash": "LHj4Cg4fUDeZ8yQuFcyCTslb/3jrudqujr8b03W10ofZZq1CEhOyPceuYcHVn5OVbzD1QGH+oCiOS+C/Hw1xjA==",
        "dependencies": {
          "WebUIToolkit.TextResources": "[1.0.0]"
        }
      }
    }
  }
}